
Microsoft Visual Studio Solution File, Format Version 12.00
# Visual Studio Version 16
VisualStudioVersion = 16.0.31624.102
MinimumVisualStudioVersion = 10.0.40219.1
Project("{8BC9CEB8-8B4A-11D0-8D11-00A0C91BC942}") = "Hockey3", "Hockey3\Hockey3.vcxproj", "{13419961-BC8D-43BA-A79E-53F34CDD669F}"
EndProject
Global
	GlobalSection(SolutionConfigurationPlatforms) = preSolution
		Debug|x64 = Debug|x64
		Release|x64 = Release|x64
	EndGlobalSection
	GlobalSection(ProjectConfigurationPlatforms) = postSolution
		{13419961-BC8D-43BA-A79E-53F34CDD669F}.Debug|x64.ActiveCfg = Debug|x64
		{13419961-BC8D-43BA-A79E-53F34CDD669F}.Debug|x64.Build.0 = Debug|x64
		{13419961-BC8D-43BA-A79E-53F34CDD669F}.Release|x64.ActiveCfg = Release|x64
		{13419961-BC8D-43BA-A79E-53F34CDD669F}.Release|x64.Build.0 = Release|x64
	EndGlobalSection
	GlobalSection(SolutionProperties) = preSolution
		HideSolutionNode = FALSE
	EndGlobalSection
	GlobalSection(ExtensibilityGlobals) = postSolution
		SolutionGuid = {A4E73D3B-3841-4865-AFC9-80374ABFF4EF}
	EndGlobalSection
EndGlobal
